// !$*UTF8*$!
{
	archiveVersion = 1;
	classes = {
	};
	objectVersion = 46;
	objects = {

/* Begin PBXBuildFile section */
		A744BB9B1A5908E30057DE5D /* AppDelegate.swift in Sources */ = {isa = PBXBuildFile; fileRef = A744BB9A1A5908E30057DE5D /* AppDelegate.swift */; };
		A744BB9D1A5908E30057DE5D /* ViewController.swift in Sources */ = {isa = PBXBuildFile; fileRef = A744BB9C1A5908E30057DE5D /* ViewController.swift */; };
		A744BBA01A5908E30057DE5D /* Main.storyboard in Resources */ = {isa = PBXBuildFile; fileRef = A744BB9E1A5908E30057DE5D /* Main.storyboard */; };
		A744BBA21A5908E30057DE5D /* Images.xcassets in Resources */ = {isa = PBXBuildFile; fileRef = A744BBA11A5908E30057DE5D /* Images.xcassets */; };
		A744BBA51A5908E30057DE5D /* LaunchScreen.xib in Resources */ = {isa = PBXBuildFile; fileRef = A744BBA31A5908E30057DE5D /* LaunchScreen.xib */; };
		A744BBB11A5908E30057DE5D /* StoryboardDemoTests.swift in Sources */ = {isa = PBXBuildFile; fileRef = A744BBB01A5908E30057DE5D /* StoryboardDemoTests.swift */; };
/* End PBXBuildFile section */

/* Begin PBXContainerItemProxy section */
		A744BBAB1A5908E30057DE5D /* PBXContainerItemProxy */ = {
			isa = PBXContainerItemProxy;
			containerPortal = A744BB8D1A5908E30057DE5D /* Project object */;
			proxyType = 1;
			remoteGlobalIDString = A744BB941A5908E30057DE5D;
			remoteInfo = StoryboardDemo;
		};
/* End PBXContainerItemProxy section */

/* Begin PBXFileReference section */
		A744BB951A5908E30057DE5D /* StoryboardDemo.app */ = {isa = PBXFileReference; explicitFileType = wrapper.application; includeInIndex = 0; path = StoryboardDemo.app; sourceTree = BUILT_PRODUCTS_DIR; };
		A744BB991A5908E30057DE5D /* Info.plist */ = {isa = PBXFileReference; lastKnownFileType = text.plist.xml; path = Info.plist; sourceTree = "<group>"; };
		A744BB9A1A5908E30057DE5D /* AppDelegate.swift */ = {isa = PBXFileReference; lastKnownFileType = sourcecode.swift; path = AppDelegate.swift; sourceTree = "<group>"; };
		A744BB9C1A5908E30057DE5D /* ViewController.swift */ = {isa = PBXFileReference; lastKnownFileType = sourcecode.swift; path = ViewController.swift; sourceTree = "<group>"; };
		A744BB9F1A5908E30057DE5D /* Base */ = {isa = PBXFileReference; lastKnownFileType = file.storyboard; name = Base; path = Base.lproj/Main.storyboard; sourceTree = "<group>"; };
		A744BBA11A5908E30057DE5D /* Images.xcassets */ = {isa = PBXFileReference; lastKnownFileType = folder.assetcatalog; path = Images.xcassets; sourceTree = "<group>"; };
		A744BBA41A5908E30057DE5D /* Base */ = {isa = PBXFileReference; lastKnownFileType = file.xib; name = Base; path = Base.lproj/LaunchScreen.xib; sourceTree = "<group>"; };
		A744BBAA1A5908E30057DE5D /* StoryboardDemoTests.xctest */ = {isa = PBXFileReference; explicitFileType = wrapper.cfbundle; includeInIndex = 0; path = StoryboardDemoTests.xctest; sourceTree = BUILT_PRODUCTS_DIR; };
		A744BBAF1A5908E30057DE5D /* Info.plist */ = {isa = PBXFileReference; lastKnownFileType = text.plist.xml; path = Info.plist; sourceTree = "<group>"; };
		A744BBB01A5908E30057DE5D /* StoryboardDemoTests.swift */ = {isa = PBXFileReference; lastKnownFileType = sourcecode.swift; path = StoryboardDemoTests.swift; sourceTree = "<group>"; };
/* End PBXFileReference section */

/* Begin PBXFrameworksBuildPhase section */
		A744BB921A5908E30057DE5D /* Frameworks */ = {
			isa = PBXFrameworksBuildPhase;
			buildActionMask = 2147483647;
			files = (
			);
			runOnlyForDeploymentPostprocessing = 0;
		};
		A744BBA71A5908E30057DE5D /* Frameworks */ = {
			isa = PBXFrameworksBuildPhase;
			buildActionMask = 2147483647;
			files = (
			);
			runOnlyForDeploymentPostprocessing = 0;
		};
/* End PBXFrameworksBuildPhase section */

/* Begin PBXGroup section */
		A744BB8C1A5908E30057DE5D = {
			isa = PBXGroup;
			children = (
				A744BB971A5908E30057DE5D /* StoryboardDemo */,
				A744BBAD1A5908E30057DE5D /* StoryboardDemoTests */,
				A744BB961A5908E30057DE5D /* Products */,
			);
			sourceTree = "<group>";
		};
		A744BB961A5908E30057DE5D /* Products */ = {
			isa = PBXGroup;
			children = (
				A744BB951A5908E30057DE5D /* StoryboardDemo.app */,
				A744BBAA1A5908E30057DE5D /* StoryboardDemoTests.xctest */,
			);
			name = Products;
			sourceTree = "<group>";
		};
		A744BB971A5908E30057DE5D /* StoryboardDemo */ = {
			isa = PBXGroup;
			children = (
				A744BB9A1A5908E30057DE5D /* AppDelegate.swift */,
				A744BB9C1A5908E30057DE5D /* ViewController.swift */,
				A744BB9E1A5908E30057DE5D /* Main.storyboard */,
				A744BBA11A5908E30057DE5D /* Images.xcassets */,
				A744BBA31A5908E30057DE5D /* LaunchScreen.xib */,
				A744BB981A5908E30057DE5D /* Supporting Files */,
			);
			path = StoryboardDemo;
			sourceTree = "<group>";
		};
		A744BB981A5908E30057DE5D /* Supporting Files */ = {
			isa = PBXGroup;
			children = (
				A744BB991A5908E30057DE5D /* Info.plist */,
			);
			name = "Supporting Files";
			sourceTree = "<group>";
		};
		A744BBAD1A5908E30057DE5D /* StoryboardDemoTests */ = {
			isa = PBXGroup;
			children = (
				A744BBB01A5908E30057DE5D /* StoryboardDemoTests.swift */,
				A744BBAE1A5908E30057DE5D /* Supporting Files */,
			);
			path = StoryboardDemoTests;
			sourceTree = "<group>";
		};
		A744BBAE1A5908E30057DE5D /* Supporting Files */ = {
			isa = PBXGroup;
			children = (
				A744BBAF1A5908E30057DE5D /* Info.plist */,
			);
			name = "Supporting Files";
			sourceTree = "<group>";
		};
/* End PBXGroup section */

/* Begin PBXNativeTarget section */
		A744BB941A5908E30057DE5D /* StoryboardDemo */ = {
			isa = PBXNativeTarget;
			buildConfigurationList = A744BBB41A5908E30057DE5D /* Build configuration list for PBXNativeTarget "StoryboardDemo" */;
			buildPhases = (
				A744BB911A5908E30057DE5D /* Sources */,
				A744BB921A5908E30057DE5D /* Frameworks */,
				A744BB931A5908E30057DE5D /* Resources */,
			);
			buildRules = (
			);
			dependencies = (
			);
			name = StoryboardDemo;
			productName = StoryboardDemo;
			productReference = A744BB951A5908E30057DE5D /* StoryboardDemo.app */;
			productType = "com.apple.product-type.application";
		};
		A744BBA91A5908E30057DE5D /* StoryboardDemoTests */ = {
			isa = PBXNativeTarget;
			buildConfigurationList = A744BBB71A5908E30057DE5D /* Build configuration list for PBXNativeTarget "StoryboardDemoTests" */;
			buildPhases = (
				A744BBA61A5908E30057DE5D /* Sources */,
				A744BBA71A5908E30057DE5D /* Frameworks */,
				A744BBA81A5908E30057DE5D /* Resources */,
			);
			buildRules = (
			);
			dependencies = (
				A744BBAC1A5908E30057DE5D /* PBXTargetDependency */,
			);
			name = StoryboardDemoTests;
			productName = StoryboardDemoTests;
			productReference = A744BBAA1A5908E30057DE5D /* StoryboardDemoTests.xctest */;
			productType = "com.apple.product-type.bundle.unit-test";
		};
/* End PBXNativeTarget section */

/* Begin PBXProject section */
		A744BB8D1A5908E30057DE5D /* Project object */ = {
			isa = PBXProject;
			attributes = {
				LastUpgradeCheck = 0610;
				ORGANIZATIONNAME = Yosemite;
				TargetAttributes = {
					A744BB941A5908E30057DE5D = {
						CreatedOnToolsVersion = 6.1.1;
					};
					A744BBA91A5908E30057DE5D = {
						CreatedOnToolsVersion = 6.1.1;
						TestTargetID = A744BB941A5908E30057DE5D;
					};
				};
			};
			buildConfigurationList = A744BB901A5908E30057DE5D /* Build configuration list for PBXProject "StoryboardDemo" */;
			compatibilityVersion = "Xcode 3.2";
			developmentRegion = English;
			hasScannedForEncodings = 0;
			knownRegions = (
				en,
				Base,
			);
			mainGroup = A744BB8C1A5908E30057DE5D;
			productRefGroup = A744BB961A5908E30057DE5D /* Products */;
			projectDirPath = "";
			projectRoot = "";
			targets = (
				A744BB941A5908E30057DE5D /* StoryboardDemo */,
				A744BBA91A5908E30057DE5D /* StoryboardDemoTests */,
			);
		};
/* End PBXProject section */

/* Begin PBXResourcesBuildPhase section */
		A744BB931A5908E30057DE5D /* Resources */ = {
			isa = PBXResourcesBuildPhase;
			buildActionMask = 2147483647;
			files = (
				A744BBA01A5908E30057DE5D /* Main.storyboard in Resources */,
				A744BBA51A5908E30057DE5D /* LaunchScreen.xib in Resources */,
				A744BBA21A5908E30057DE5D /* Images.xcassets in Resources */,
			);
			runOnlyForDeploymentPostprocessing = 0;
		};
		A744BBA81A5908E30057DE5D /* Resources */ = {
			isa = PBXResourcesBuildPhase;
			buildActionMask = 2147483647;
			files = (
			);
			runOnlyForDeploymentPostprocessing = 0;
		};
/* End PBXResourcesBuildPhase section */

/* Begin PBXSourcesBuildPhase section */
		A744BB911A5908E30057DE5D /* Sources */ = {
			isa = PBXSourcesBuildPhase;
			buildActionMask = 2147483647;
			files = (
				A744BB9D1A5908E30057DE5D /* ViewController.swift in Sources */,
				A744BB9B1A5908E30057DE5D /* AppDelegate.swift in Sources */,
			);
			runOnlyForDeploymentPostprocessing = 0;
		};
		A744BBA61A5908E30057DE5D /* Sources */ = {
			isa = PBXSourcesBuildPhase;
			buildActionMask = 2147483647;
			files = (
				A744BBB11A5908E30057DE5D /* StoryboardDemoTests.swift in Sources */,
			);
			runOnlyForDeploymentPostprocessing = 0;
		};
/* End PBXSourcesBuildPhase section */

/* Begin PBXTargetDependency section */
		A744BBAC1A5908E30057DE5D /* PBXTargetDependency */ = {
			isa = PBXTargetDependency;
			target = A744BB941A5908E30057DE5D /* StoryboardDemo */;
			targetProxy = A744BBAB1A5908E30057DE5D /* PBXContainerItemProxy */;
		};
/* End PBXTargetDependency section */

/* Begin PBXVariantGroup section */
		A744BB9E1A5908E30057DE5D /* Main.storyboard */ = {
			isa = PBXVariantGroup;
			children = (
				A744BB9F1A5908E30057DE5D /* Base */,
			);
			name = Main.storyboard;
			sourceTree = "<group>";
		};
		A744BBA31A5908E30057DE5D /* LaunchScreen.xib */ = {
			isa = PBXVariantGroup;
			children = (
				A744BBA41A5908E30057DE5D /* Base */,
			);
			name = LaunchScreen.xib;
			sourceTree = "<group>";
		};
/* End PBXVariantGroup section */

/* Begin XCBuildConfiguration section */
		A744BBB21A5908E30057DE5D /* Debug */ = {
			isa = XCBuildConfiguration;
			buildSettings = {
				ALWAYS_SEARCH_USER_PATHS = NO;
				CLANG_CXX_LANGUAGE_STANDARD = "gnu++0x";
				CLANG_CXX_LIBRARY = "libc++";
				CLANG_ENABLE_MODULES = YES;
				CLANG_ENABLE_OBJC_ARC = YES;
				CLANG_WARN_BOOL_CONVERSION = YES;
				CLANG_WARN_CONSTANT_CONVERSION = YES;
				CLANG_WARN_DIRECT_OBJC_ISA_USAGE = YES_ERROR;
				CLANG_WARN_EMPTY_BODY = YES;
				CLANG_WARN_ENUM_CONVERSION = YES;
				CLANG_WARN_INT_CONVERSION = YES;
				CLANG_WARN_OBJC_ROOT_CLASS = YES_ERROR;
				CLANG_WARN_UNREACHABLE_CODE = YES;
				CLANG_WARN__DUPLICATE_METHOD_MATCH = YES;
				"CODE_SIGN_IDENTITY[sdk=iphoneos*]" = "iPhone Developer";
				COPY_PHASE_STRIP = NO;
				ENABLE_STRICT_OBJC_MSGSEND = YES;
				GCC_C_LANGUAGE_STANDARD = gnu99;
				GCC_DYNAMIC_NO_PIC = NO;
				GCC_OPTIMIZATION_LEVEL = 0;
				GCC_PREPROCESSOR_DEFINITIONS = (
					"DEBUG=1",
					"$(inherited)",
				);
				GCC_SYMBOLS_PRIVATE_EXTERN = NO;
				GCC_WARN_64_TO_32_BIT_CONVERSION = YES;
				GCC_WARN_ABOUT_RETURN_TYPE = YES_ERROR;
				GCC_WARN_UNDECLARED_SELECTOR = YES;
				GCC_WARN_UNINITIALIZED_AUTOS = YES_AGGRESSIVE;
				GCC_WARN_UNUSED_FUNCTION = YES;
				GCC_WARN_UNUSED_VARIABLE = YES;
				IPHONEOS_DEPLOYMENT_TARGET = 8.1;
				MTL_ENABLE_DEBUG_INFO = YES;
				ONLY_ACTIVE_ARCH = YES;
				SDKROOT = iphoneos;
				SWIFT_OPTIMIZATION_LEVEL = "-Onone";
			};
			name = Debug;
		};
		A744BBB31A5908E30057DE5D /* Release */ = {
			isa = XCBuildConfiguration;
			buildSettings = {
				ALWAYS_SEARCH_USER_PATHS = NO;
				CLANG_CXX_LANGUAGE_STANDARD = "gnu++0x";
				CLANG_CXX_LIBRARY = "libc++";
				CLANG_ENABLE_MODULES = YES;
				CLANG_ENABLE_OBJC_ARC = YES;
				CLANG_WARN_BOOL_CONVERSION = YES;
				CLANG_WARN_CONSTANT_CONVERSION = YES;
				CLANG_WARN_DIRECT_OBJC_ISA_USAGE = YES_ERROR;
				CLANG_WARN_EMPTY_BODY = YES;
				CLANG_WARN_ENUM_CONVERSION = YES;
				CLANG_WARN_INT_CONVERSION = YES;
				CLANG_WARN_OBJC_ROOT_CLASS = YES_ERROR;
				CLANG_WARN_UNREACHABLE_CODE = YES;
				CLANG_WARN__DUPLICATE_METHOD_MATCH = YES;
				"CODE_SIGN_IDENTITY[sdk=iphoneos*]" = "iPhone Developer";
				COPY_PHASE_STRIP = YES;
				ENABLE_NS_ASSERTIONS = NO;
				ENABLE_STRICT_OBJC_MSGSEND = YES;
				GCC_C_LANGUAGE_STANDARD = gnu99;
				GCC_WARN_64_TO_32_BIT_CONVERSION = YES;
				GCC_WARN_ABOUT_RETURN_TYPE = YES_ERROR;
				GCC_WARN_UNDECLARED_SELECTOR = YES;
				GCC_WARN_UNINITIALIZED_AUTOS = YES_AGGRESSIVE;
				GCC_WARN_UNUSED_FUNCTION = YES;
				GCC_WARN_UNUSED_VARIABLE = YES;
				IPHONEOS_DEPLOYMENT_TARGET = 8.1;
				MTL_ENABLE_DEBUG_INFO = NO;
				SDKROOT = iphoneos;
				VALIDATE_PRODUCT = YES;
			};
			name = Release;
		};
		A744BBB51A5908E30057DE5D /* Debug */ = {
			isa = XCBuildConfiguration;
			buildSettings = {
				ASSETCATALOG_COMPILER_APPICON_NAME = AppIcon;
				INFOPLIST_FILE = StoryboardDemo/Info.plist;
				LD_RUNPATH_SEARCH_PATHS = "$(inherited) @executable_path/Frameworks";
				PRODUCT_NAME = "$(TARGET_NAME)";
			};
			name = Debug;
		};
		A744BBB61A5908E30057DE5D /* Release */ = {
			isa = XCBuildConfiguration;
			buildSettings = {
				ASSETCATALOG_COMPILER_APPICON_NAME = AppIcon;
				INFOPLIST_FILE = StoryboardDemo/Info.plist;
				LD_RUNPATH_SEARCH_PATHS = "$(inherited) @executable_path/Frameworks";
				PRODUCT_NAME = "$(TARGET_NAME)";
			};
			name = Release;
		};
		A744BBB81A5908E30057DE5D /* Debug */ = {
			isa = XCBuildConfiguration;
			buildSettings = {
				BUNDLE_LOADER = "$(TEST_HOST)";
				FRAMEWORK_SEARCH_PATHS = (
					"$(SDKROOT)/Developer/Library/Frameworks",
					"$(inherited)",
				);
				GCC_PREPROCESSOR_DEFINITIONS = (
					"DEBUG=1",
					"$(inherited)",
				);
				INFOPLIST_FILE = StoryboardDemoTests/Info.plist;
				LD_RUNPATH_SEARCH_PATHS = "$(inherited) @executable_path/Frameworks @loader_path/Frameworks";
				PRODUCT_NAME = "$(TARGET_NAME)";
				TEST_HOST = "$(BUILT_PRODUCTS_DIR)/StoryboardDemo.app/StoryboardDemo";
			};
			name = Debug;
		};
		A744BBB91A5908E30057DE5D /* Release */ = {
			isa = XCBuildConfiguration;
			buildSettings = {
				BUNDLE_LOADER = "$(TEST_HOST)";
				FRAMEWORK_SEARCH_PATHS = (
					"$(SDKROOT)/Developer/Library/Frameworks",
					"$(inherited)",
				);
				INFOPLIST_FILE = StoryboardDemoTests/Info.plist;
				LD_RUNPATH_SEARCH_PATHS = "$(inherited) @executable_path/Frameworks @loader_path/Frameworks";
				PRODUCT_NAME = "$(TARGET_NAME)";
				TEST_HOST = "$(BUILT_PRODUCTS_DIR)/StoryboardDemo.app/StoryboardDemo";
			};
			name = Release;
		};
/* End XCBuildConfiguration section */

/* Begin XCConfigurationList section */
		A744BB901A5908E30057DE5D /* Build configuration list for PBXProject "StoryboardDemo" */ = {
			isa = XCConfigurationList;
			buildConfigurations = (
				A744BBB21A5908E30057DE5D /* Debug */,
				A744BBB31A5908E30057DE5D /* Release */,
			);
			defaultConfigurationIsVisible = 0;
			defaultConfigurationName = Release;
		};
		A744BBB41A5908E30057DE5D /* Build configuration list for PBXNativeTarget "StoryboardDemo" */ = {
			isa = XCConfigurationList;
			buildConfigurations = (
				A744BBB51A5908E30057DE5D /* Debug */,
				A744BBB61A5908E30057DE5D /* Release */,
			);
			defaultConfigurationIsVisible = 0;
		};
		A744BBB71A5908E30057DE5D /* Build configuration list for PBXNativeTarget "StoryboardDemoTests" */ = {
			isa = XCConfigurationList;
			buildConfigurations = (
				A744BBB81A5908E30057DE5D /* Debug */,
				A744BBB91A5908E30057DE5D /* Release */,
			);
			defaultConfigurationIsVisible = 0;
		};
/* End XCConfigurationList section */
	};
	rootObject = A744BB8D1A5908E30057DE5D /* Project object */;
}
